{
  "name": "gd-for-vsc-demo",
  "version": "1.0.0",
  "lockfileVersion": 3,
  "requires": true,
  "packages": {
    "": {
      "name": "gd-for-vsc-demo",
      "version": "1.0.0",
      "license": "UNLICENSED",
      "dependencies": {
        "@gooddata/code-cli": "^0.1.0"
      }
    },
    "node_modules/@gooddata/code-cli": {
      "version": "0.1.0",
      "resolved": "https://registry.npmjs.org/@gooddata/code-cli/-/code-cli-0.1.0.tgz",
      "integrity": "sha512-3HzjSTQkpro4+LEhjQKfen9iG3qiwKr2II0OZuDW/IF13o12MO8QmngzmSiTuKYqzIlJV7+xTt3GgmkHQbUl2w==",
      "bin": {
        "gd": "bin/gd"
      },
      "engines": {
        "node": ">=16.14.0"
      }
    }
  }
}
